
Microsoft Visual Studio Solution File, Format Version 12.00
# Visual Studio Version 17
VisualStudioVersion = 17.10.35201.131
MinimumVisualStudioVersion = 10.0.40219.1
Project("{FAE04EC0-301F-11D3-BF4B-00C04F79EFBC}") = "Module01", "Module01\Module01.csproj", "{F464588B-1178-4193-8943-9A2F74D2EA93}"
EndProject
Global
	GlobalSection(SolutionConfigurationPlatforms) = preSolution
		Debug|Any CPU = Debug|Any CPU
		Release|Any CPU = Release|Any CPU
	EndGlobalSection
	GlobalSection(ProjectConfigurationPlatforms) = postSolution
		{F464588B-1178-4193-8943-9A2F74D2EA93}.Debug|Any CPU.ActiveCfg = Debug|Any CPU
		{F464588B-1178-4193-8943-9A2F74D2EA93}.Debug|Any CPU.Build.0 = Debug|Any CPU
		{F464588B-1178-4193-8943-9A2F74D2EA93}.Release|Any CPU.ActiveCfg = Release|Any CPU
		{F464588B-1178-4193-8943-9A2F74D2EA93}.Release|Any CPU.Build.0 = Release|Any CPU
	EndGlobalSection
	GlobalSection(SolutionProperties) = preSolution
		HideSolutionNode = FALSE
	EndGlobalSection
	GlobalSection(ExtensibilityGlobals) = postSolution
		SolutionGuid = {FE8CA258-F7EB-45FC-A631-166424E4D2FA}
	EndGlobalSection
EndGlobal
